// !$*UTF8*$!
{
	archiveVersion = 1;
	classes = {
	};
	objectVersion = 77;
	objects = {

/* Begin PBXBuildFile section */
		F9A4E5F22D79DEAF00AAE34B /* AstroSummaryCore in Resources */ = {isa = PBXBuildFile; fileRef = F9A4E5F12D79DEAF00AAE34B /* AstroSummaryCore */; };
		F9F9BF582D7CE8DB006A4A03 /* SummaryFeature in Frameworks */ = {isa = PBXBuildFile; productRef = F9F9BF572D7CE8DB006A4A03 /* SummaryFeature */; };
/* End PBXBuildFile section */

/* Begin PBXContainerItemProxy section */
		F9A4E5C52D79DB8500AAE34B /* PBXContainerItemProxy */ = {
			isa = PBXContainerItemProxy;
			containerPortal = F9A4E5AB2D79DB8300AAE34B /* Project object */;
			proxyType = 1;
			remoteGlobalIDString = F9A4E5B22D79DB8300AAE34B;
			remoteInfo = AstroSummary;
		};
		F9A4E5CF2D79DB8500AAE34B /* PBXContainerItemProxy */ = {
			isa = PBXContainerItemProxy;
			containerPortal = F9A4E5AB2D79DB8300AAE34B /* Project object */;
			proxyType = 1;
			remoteGlobalIDString = F9A4E5B22D79DB8300AAE34B;
			remoteInfo = AstroSummary;
		};
/* End PBXContainerItemProxy section */

/* Begin PBXFileReference section */
		F9A4E5B32D79DB8300AAE34B /* AstroSummary.app */ = {isa = PBXFileReference; explicitFileType = wrapper.application; includeInIndex = 0; path = AstroSummary.app; sourceTree = BUILT_PRODUCTS_DIR; };
		F9A4E5C42D79DB8500AAE34B /* AstroSummaryTests.xctest */ = {isa = PBXFileReference; explicitFileType = wrapper.cfbundle; includeInIndex = 0; path = AstroSummaryTests.xctest; sourceTree = BUILT_PRODUCTS_DIR; };
		F9A4E5CE2D79DB8500AAE34B /* AstroSummaryUITests.xctest */ = {isa = PBXFileReference; explicitFileType = wrapper.cfbundle; includeInIndex = 0; path = AstroSummaryUITests.xctest; sourceTree = BUILT_PRODUCTS_DIR; };
		F9A4E5F12D79DEAF00AAE34B /* AstroSummaryCore */ = {isa = PBXFileReference; lastKnownFileType = wrapper; path = AstroSummaryCore; sourceTree = "<group>"; };
/* End PBXFileReference section */

/* Begin PBXFileSystemSynchronizedRootGroup section */
		F9A4E5B52D79DB8300AAE34B /* AstroSummary */ = {
			isa = PBXFileSystemSynchronizedRootGroup;
			path = AstroSummary;
			sourceTree = "<group>";
		};
		F9A4E5C72D79DB8500AAE34B /* AstroSummaryTests */ = {
			isa = PBXFileSystemSynchronizedRootGroup;
			path = AstroSummaryTests;
			sourceTree = "<group>";
		};
		F9A4E5D12D79DB8500AAE34B /* AstroSummaryUITests */ = {
			isa = PBXFileSystemSynchronizedRootGroup;
			path = AstroSummaryUITests;
			sourceTree = "<group>";
		};
/* End PBXFileSystemSynchronizedRootGroup section */

/* Begin PBXFrameworksBuildPhase section */
		F9A4E5B02D79DB8300AAE34B /* Frameworks */ = {
			isa = PBXFrameworksBuildPhase;
			buildActionMask = 2147483647;
			files = (
				F9F9BF582D7CE8DB006A4A03 /* SummaryFeature in Frameworks */,
			);
			runOnlyForDeploymentPostprocessing = 0;
		};
		F9A4E5C12D79DB8500AAE34B /* Frameworks */ = {
			isa = PBXFrameworksBuildPhase;
			buildActionMask = 2147483647;
			files = (
			);
			runOnlyForDeploymentPostprocessing = 0;
		};
		F9A4E5CB2D79DB8500AAE34B /* Frameworks */ = {
			isa = PBXFrameworksBuildPhase;
			buildActionMask = 2147483647;
			files = (
			);
			runOnlyForDeploymentPostprocessing = 0;
		};
/* End PBXFrameworksBuildPhase section */

/* Begin PBXGroup section */
		F9A4E5AA2D79DB8300AAE34B = {
			isa = PBXGroup;
			children = (
				F9A4E5F12D79DEAF00AAE34B /* AstroSummaryCore */,
				F9A4E5B52D79DB8300AAE34B /* AstroSummary */,
				F9A4E5C72D79DB8500AAE34B /* AstroSummaryTests */,
				F9A4E5D12D79DB8500AAE34B /* AstroSummaryUITests */,
				F9F9BF562D7CE8DB006A4A03 /* Frameworks */,
				F9A4E5B42D79DB8300AAE34B /* Products */,
			);
			sourceTree = "<group>";
		};
		F9A4E5B42D79DB8300AAE34B /* Products */ = {
			isa = PBXGroup;
			children = (
				F9A4E5B32D79DB8300AAE34B /* AstroSummary.app */,
				F9A4E5C42D79DB8500AAE34B /* AstroSummaryTests.xctest */,
				F9A4E5CE2D79DB8500AAE34B /* AstroSummaryUITests.xctest */,
			);
			name = Products;
			sourceTree = "<group>";
		};
		F9F9BF562D7CE8DB006A4A03 /* Frameworks */ = {
			isa = PBXGroup;
			children = (
			);
			name = Frameworks;
			sourceTree = "<group>";
		};
/* End PBXGroup section */

/* Begin PBXNativeTarget section */
		F9A4E5B22D79DB8300AAE34B /* AstroSummary */ = {
			isa = PBXNativeTarget;
			buildConfigurationList = F9A4E5D82D79DB8500AAE34B /* Build configuration list for PBXNativeTarget "AstroSummary" */;
			buildPhases = (
				F9A4E5AF2D79DB8300AAE34B /* Sources */,
				F9A4E5B02D79DB8300AAE34B /* Frameworks */,
				F9A4E5B12D79DB8300AAE34B /* Resources */,
			);
			buildRules = (
			);
			dependencies = (
			);
			fileSystemSynchronizedGroups = (
				F9A4E5B52D79DB8300AAE34B /* AstroSummary */,
			);
			name = AstroSummary;
			packageProductDependencies = (
				F9F9BF572D7CE8DB006A4A03 /* SummaryFeature */,
			);
			productName = AstroSummary;
			productReference = F9A4E5B32D79DB8300AAE34B /* AstroSummary.app */;
			productType = "com.apple.product-type.application";
		};
		F9A4E5C32D79DB8500AAE34B /* AstroSummaryTests */ = {
			isa = PBXNativeTarget;
			buildConfigurationList = F9A4E5DB2D79DB8500AAE34B /* Build configuration list for PBXNativeTarget "AstroSummaryTests" */;
			buildPhases = (
				F9A4E5C02D79DB8500AAE34B /* Sources */,
				F9A4E5C12D79DB8500AAE34B /* Frameworks */,
				F9A4E5C22D79DB8500AAE34B /* Resources */,
			);
			buildRules = (
			);
			dependencies = (
				F9A4E5C62D79DB8500AAE34B /* PBXTargetDependency */,
			);
			fileSystemSynchronizedGroups = (
				F9A4E5C72D79DB8500AAE34B /* AstroSummaryTests */,
			);
			name = AstroSummaryTests;
			packageProductDependencies = (
			);
			productName = AstroSummaryTests;
			productReference = F9A4E5C42D79DB8500AAE34B /* AstroSummaryTests.xctest */;
			productType = "com.apple.product-type.bundle.unit-test";
		};
		F9A4E5CD2D79DB8500AAE34B /* AstroSummaryUITests */ = {
			isa = PBXNativeTarget;
			buildConfigurationList = F9A4E5DE2D79DB8500AAE34B /* Build configuration list for PBXNativeTarget "AstroSummaryUITests" */;
			buildPhases = (
				F9A4E5CA2D79DB8500AAE34B /* Sources */,
				F9A4E5CB2D79DB8500AAE34B /* Frameworks */,
				F9A4E5CC2D79DB8500AAE34B /* Resources */,
			);
			buildRules = (
			);
			dependencies = (
				F9A4E5D02D79DB8500AAE34B /* PBXTargetDependency */,
			);
			fileSystemSynchronizedGroups = (
				F9A4E5D12D79DB8500AAE34B /* AstroSummaryUITests */,
			);
			name = AstroSummaryUITests;
			packageProductDependencies = (
			);
			productName = AstroSummaryUITests;
			productReference = F9A4E5CE2D79DB8500AAE34B /* AstroSummaryUITests.xctest */;
			productType = "com.apple.product-type.bundle.ui-testing";
		};
/* End PBXNativeTarget section */

/* Begin PBXProject section */
		F9A4E5AB2D79DB8300AAE34B /* Project object */ = {
			isa = PBXProject;
			attributes = {
				BuildIndependentTargetsInParallel = 1;
				LastSwiftUpdateCheck = 1620;
				LastUpgradeCheck = 1620;
				TargetAttributes = {
					F9A4E5B22D79DB8300AAE34B = {
						CreatedOnToolsVersion = 16.2;
					};
					F9A4E5C32D79DB8500AAE34B = {
						CreatedOnToolsVersion = 16.2;
						TestTargetID = F9A4E5B22D79DB8300AAE34B;
					};
					F9A4E5CD2D79DB8500AAE34B = {
						CreatedOnToolsVersion = 16.2;
						TestTargetID = F9A4E5B22D79DB8300AAE34B;
					};
				};
			};
			buildConfigurationList = F9A4E5AE2D79DB8300AAE34B /* Build configuration list for PBXProject "AstroSummary" */;
			developmentRegion = en;
			hasScannedForEncodings = 0;
			knownRegions = (
				en,
				Base,
			);
			mainGroup = F9A4E5AA2D79DB8300AAE34B;
			minimizedProjectReferenceProxies = 1;
			preferredProjectObjectVersion = 77;
			productRefGroup = F9A4E5B42D79DB8300AAE34B /* Products */;
			projectDirPath = "";
			projectRoot = "";
			targets = (
				F9A4E5B22D79DB8300AAE34B /* AstroSummary */,
				F9A4E5C32D79DB8500AAE34B /* AstroSummaryTests */,
				F9A4E5CD2D79DB8500AAE34B /* AstroSummaryUITests */,
			);
		};
/* End PBXProject section */

/* Begin PBXResourcesBuildPhase section */
		F9A4E5B12D79DB8300AAE34B /* Resources */ = {
			isa = PBXResourcesBuildPhase;
			buildActionMask = 2147483647;
			files = (
				F9A4E5F22D79DEAF00AAE34B /* AstroSummaryCore in Resources */,
			);
			runOnlyForDeploymentPostprocessing = 0;
		};
		F9A4E5C22D79DB8500AAE34B /* Resources */ = {
			isa = PBXResourcesBuildPhase;
			buildActionMask = 2147483647;
			files = (
			);
			runOnlyForDeploymentPostprocessing = 0;
		};
		F9A4E5CC2D79DB8500AAE34B /* Resources */ = {
			isa = PBXResourcesBuildPhase;
			buildActionMask = 2147483647;
			files = (
			);
			runOnlyForDeploymentPostprocessing = 0;
		};
/* End PBXResourcesBuildPhase section */

/* Begin PBXSourcesBuildPhase section */
		F9A4E5AF2D79DB8300AAE34B /* Sources */ = {
			isa = PBXSourcesBuildPhase;
			buildActionMask = 2147483647;
			files = (
			);
			runOnlyForDeploymentPostprocessing = 0;
		};
		F9A4E5C02D79DB8500AAE34B /* Sources */ = {
			isa = PBXSourcesBuildPhase;
			buildActionMask = 2147483647;
			files = (
			);
			runOnlyForDeploymentPostprocessing = 0;
		};
		F9A4E5CA2D79DB8500AAE34B /* Sources */ = {
			isa = PBXSourcesBuildPhase;
			buildActionMask = 2147483647;
			files = (
			);
			runOnlyForDeploymentPostprocessing = 0;
		};
/* End PBXSourcesBuildPhase section */

/* Begin PBXTargetDependency section */
		F9A4E5C62D79DB8500AAE34B /* PBXTargetDependency */ = {
			isa = PBXTargetDependency;
			target = F9A4E5B22D79DB8300AAE34B /* AstroSummary */;
			targetProxy = F9A4E5C52D79DB8500AAE34B /* PBXContainerItemProxy */;
		};
		F9A4E5D02D79DB8500AAE34B /* PBXTargetDependency */ = {
			isa = PBXTargetDependency;
			target = F9A4E5B22D79DB8300AAE34B /* AstroSummary */;
			targetProxy = F9A4E5CF2D79DB8500AAE34B /* PBXContainerItemProxy */;
		};
/* End PBXTargetDependency section */

/* Begin XCBuildConfiguration section */
		F9A4E5D62D79DB8500AAE34B /* Debug */ = {
			isa = XCBuildConfiguration;
			buildSettings = {
				ALWAYS_SEARCH_USER_PATHS = NO;
				ASSETCATALOG_COMPILER_GENERATE_SWIFT_ASSET_SYMBOL_EXTENSIONS = YES;
				CLANG_ANALYZER_NONNULL = YES;
				CLANG_ANALYZER_NUMBER_OBJECT_CONVERSION = YES_AGGRESSIVE;
				CLANG_CXX_LANGUAGE_STANDARD = "gnu++20";
				CLANG_ENABLE_MODULES = YES;
				CLANG_ENABLE_OBJC_ARC = YES;
				CLANG_ENABLE_OBJC_WEAK = YES;
				CLANG_WARN_BLOCK_CAPTURE_AUTORELEASING = YES;
				CLANG_WARN_BOOL_CONVERSION = YES;
				CLANG_WARN_COMMA = YES;
				CLANG_WARN_CONSTANT_CONVERSION = YES;
				CLANG_WARN_DEPRECATED_OBJC_IMPLEMENTATIONS = YES;
				CLANG_WARN_DIRECT_OBJC_ISA_USAGE = YES_ERROR;
				CLANG_WARN_DOCUMENTATION_COMMENTS = YES;
				CLANG_WARN_EMPTY_BODY = YES;
				CLANG_WARN_ENUM_CONVERSION = YES;
				CLANG_WARN_INFINITE_RECURSION = YES;
				CLANG_WARN_INT_CONVERSION = YES;
				CLANG_WARN_NON_LITERAL_NULL_CONVERSION = YES;
				CLANG_WARN_OBJC_IMPLICIT_RETAIN_SELF = YES;
				CLANG_WARN_OBJC_LITERAL_CONVERSION = YES;
				CLANG_WARN_OBJC_ROOT_CLASS = YES_ERROR;
				CLANG_WARN_QUOTED_INCLUDE_IN_FRAMEWORK_HEADER = YES;
				CLANG_WARN_RANGE_LOOP_ANALYSIS = YES;
				CLANG_WARN_STRICT_PROTOTYPES = YES;
				CLANG_WARN_SUSPICIOUS_MOVE = YES;
				CLANG_WARN_UNGUARDED_AVAILABILITY = YES_AGGRESSIVE;
				CLANG_WARN_UNREACHABLE_CODE = YES;
				CLANG_WARN__DUPLICATE_METHOD_MATCH = YES;
				COPY_PHASE_STRIP = NO;
				DEBUG_INFORMATION_FORMAT = dwarf;
				ENABLE_STRICT_OBJC_MSGSEND = YES;
				ENABLE_TESTABILITY = YES;
				ENABLE_USER_SCRIPT_SANDBOXING = YES;
				GCC_C_LANGUAGE_STANDARD = gnu17;
				GCC_DYNAMIC_NO_PIC = NO;
				GCC_NO_COMMON_BLOCKS = YES;
				GCC_OPTIMIZATION_LEVEL = 0;
				GCC_PREPROCESSOR_DEFINITIONS = (
					"DEBUG=1",
					"$(inherited)",
				);
				GCC_WARN_64_TO_32_BIT_CONVERSION = YES;
				GCC_WARN_ABOUT_RETURN_TYPE = YES_ERROR;
				GCC_WARN_UNDECLARED_SELECTOR = YES;
				GCC_WARN_UNINITIALIZED_AUTOS = YES_AGGRESSIVE;
				GCC_WARN_UNUSED_FUNCTION = YES;
				GCC_WARN_UNUSED_VARIABLE = YES;
				LOCALIZATION_PREFERS_STRING_CATALOGS = YES;
				MACOSX_DEPLOYMENT_TARGET = 15.2;
				MTL_ENABLE_DEBUG_INFO = INCLUDE_SOURCE;
				MTL_FAST_MATH = YES;
				ONLY_ACTIVE_ARCH = YES;
				SDKROOT = macosx;
				SWIFT_ACTIVE_COMPILATION_CONDITIONS = "DEBUG $(inherited)";
				SWIFT_OPTIMIZATION_LEVEL = "-Onone";
			};
			name = Debug;
		};
		F9A4E5D72D79DB8500AAE34B /* Release */ = {
			isa = XCBuildConfiguration;
			buildSettings = {
				ALWAYS_SEARCH_USER_PATHS = NO;
				ASSETCATALOG_COMPILER_GENERATE_SWIFT_ASSET_SYMBOL_EXTENSIONS = YES;
				CLANG_ANALYZER_NONNULL = YES;
				CLANG_ANALYZER_NUMBER_OBJECT_CONVERSION = YES_AGGRESSIVE;
				CLANG_CXX_LANGUAGE_STANDARD = "gnu++20";
				CLANG_ENABLE_MODULES = YES;
				CLANG_ENABLE_OBJC_ARC = YES;
				CLANG_ENABLE_OBJC_WEAK = YES;
				CLANG_WARN_BLOCK_CAPTURE_AUTORELEASING = YES;
				CLANG_WARN_BOOL_CONVERSION = YES;
				CLANG_WARN_COMMA = YES;
				CLANG_WARN_CONSTANT_CONVERSION = YES;
				CLANG_WARN_DEPRECATED_OBJC_IMPLEMENTATIONS = YES;
				CLANG_WARN_DIRECT_OBJC_ISA_USAGE = YES_ERROR;
				CLANG_WARN_DOCUMENTATION_COMMENTS = YES;
				CLANG_WARN_EMPTY_BODY = YES;
				CLANG_WARN_ENUM_CONVERSION = YES;
				CLANG_WARN_INFINITE_RECURSION = YES;
				CLANG_WARN_INT_CONVERSION = YES;
				CLANG_WARN_NON_LITERAL_NULL_CONVERSION = YES;
				CLANG_WARN_OBJC_IMPLICIT_RETAIN_SELF = YES;
				CLANG_WARN_OBJC_LITERAL_CONVERSION = YES;
				CLANG_WARN_OBJC_ROOT_CLASS = YES_ERROR;
				CLANG_WARN_QUOTED_INCLUDE_IN_FRAMEWORK_HEADER = YES;
				CLANG_WARN_RANGE_LOOP_ANALYSIS = YES;
				CLANG_WARN_STRICT_PROTOTYPES = YES;
				CLANG_WARN_SUSPICIOUS_MOVE = YES;
				CLANG_WARN_UNGUARDED_AVAILABILITY = YES_AGGRESSIVE;
				CLANG_WARN_UNREACHABLE_CODE = YES;
				CLANG_WARN__DUPLICATE_METHOD_MATCH = YES;
				COPY_PHASE_STRIP = NO;
				DEBUG_INFORMATION_FORMAT = "dwarf-with-dsym";
				ENABLE_NS_ASSERTIONS = NO;
				ENABLE_STRICT_OBJC_MSGSEND = YES;
				ENABLE_USER_SCRIPT_SANDBOXING = YES;
				GCC_C_LANGUAGE_STANDARD = gnu17;
				GCC_NO_COMMON_BLOCKS = YES;
				GCC_WARN_64_TO_32_BIT_CONVERSION = YES;
				GCC_WARN_ABOUT_RETURN_TYPE = YES_ERROR;
				GCC_WARN_UNDECLARED_SELECTOR = YES;
				GCC_WARN_UNINITIALIZED_AUTOS = YES_AGGRESSIVE;
				GCC_WARN_UNUSED_FUNCTION = YES;
				GCC_WARN_UNUSED_VARIABLE = YES;
				LOCALIZATION_PREFERS_STRING_CATALOGS = YES;
				MACOSX_DEPLOYMENT_TARGET = 15.2;
				MTL_ENABLE_DEBUG_INFO = NO;
				MTL_FAST_MATH = YES;
				SDKROOT = macosx;
				SWIFT_COMPILATION_MODE = wholemodule;
			};
			name = Release;
		};
		F9A4E5D92D79DB8500AAE34B /* Debug */ = {
			isa = XCBuildConfiguration;
			buildSettings = {
				ASSETCATALOG_COMPILER_APPICON_NAME = AppIcon;
				ASSETCATALOG_COMPILER_GLOBAL_ACCENT_COLOR_NAME = AccentColor;
				CODE_SIGN_ENTITLEMENTS = AstroSummary/AstroSummary.entitlements;
				CODE_SIGN_STYLE = Automatic;
				COMBINE_HIDPI_IMAGES = YES;
				CURRENT_PROJECT_VERSION = 1;
				DEVELOPMENT_ASSET_PATHS = "\"AstroSummary/Preview Content\"";
				DEVELOPMENT_TEAM = K6D967URM5;
				ENABLE_HARDENED_RUNTIME = YES;
				ENABLE_PREVIEWS = YES;
				GENERATE_INFOPLIST_FILE = YES;
				INFOPLIST_KEY_NSHumanReadableCopyright = "";
				LD_RUNPATH_SEARCH_PATHS = (
					"$(inherited)",
					"@executable_path/../Frameworks",
				);
				MARKETING_VERSION = 1.0;
				PRODUCT_BUNDLE_IDENTIFIER = com.bryankohrn.AstroSummary;
				PRODUCT_NAME = "$(TARGET_NAME)";
				SWIFT_EMIT_LOC_STRINGS = YES;
				SWIFT_VERSION = 5.0;
			};
			name = Debug;
		};
		F9A4E5DA2D79DB8500AAE34B /* Release */ = {
			isa = XCBuildConfiguration;
			buildSettings = {
				ASSETCATALOG_COMPILER_APPICON_NAME = AppIcon;
				ASSETCATALOG_COMPILER_GLOBAL_ACCENT_COLOR_NAME = AccentColor;
				CODE_SIGN_ENTITLEMENTS = AstroSummary/AstroSummary.entitlements;
				CODE_SIGN_STYLE = Automatic;
				COMBINE_HIDPI_IMAGES = YES;
				CURRENT_PROJECT_VERSION = 1;
				DEVELOPMENT_ASSET_PATHS = "\"AstroSummary/Preview Content\"";
				DEVELOPMENT_TEAM = K6D967URM5;
				ENABLE_HARDENED_RUNTIME = YES;
				ENABLE_PREVIEWS = YES;
				GENERATE_INFOPLIST_FILE = YES;
				INFOPLIST_KEY_NSHumanReadableCopyright = "";
				LD_RUNPATH_SEARCH_PATHS = (
					"$(inherited)",
					"@executable_path/../Frameworks",
				);
				MARKETING_VERSION = 1.0;
				PRODUCT_BUNDLE_IDENTIFIER = com.bryankohrn.AstroSummary;
				PRODUCT_NAME = "$(TARGET_NAME)";
				SWIFT_EMIT_LOC_STRINGS = YES;
				SWIFT_VERSION = 5.0;
			};
			name = Release;
		};
		F9A4E5DC2D79DB8500AAE34B /* Debug */ = {
			isa = XCBuildConfiguration;
			buildSettings = {
				BUNDLE_LOADER = "$(TEST_HOST)";
				CODE_SIGN_STYLE = Automatic;
				CURRENT_PROJECT_VERSION = 1;
				DEVELOPMENT_TEAM = K6D967URM5;
				GENERATE_INFOPLIST_FILE = YES;
				MACOSX_DEPLOYMENT_TARGET = 15.2;
				MARKETING_VERSION = 1.0;
				PRODUCT_BUNDLE_IDENTIFIER = com.bryankohrn.AstroSummaryTests;
				PRODUCT_NAME = "$(TARGET_NAME)";
				SWIFT_EMIT_LOC_STRINGS = NO;
				SWIFT_VERSION = 5.0;
				TEST_HOST = "$(BUILT_PRODUCTS_DIR)/AstroSummary.app/$(BUNDLE_EXECUTABLE_FOLDER_PATH)/AstroSummary";
			};
			name = Debug;
		};
		F9A4E5DD2D79DB8500AAE34B /* Release */ = {
			isa = XCBuildConfiguration;
			buildSettings = {
				BUNDLE_LOADER = "$(TEST_HOST)";
				CODE_SIGN_STYLE = Automatic;
				CURRENT_PROJECT_VERSION = 1;
				DEVELOPMENT_TEAM = K6D967URM5;
				GENERATE_INFOPLIST_FILE = YES;
				MACOSX_DEPLOYMENT_TARGET = 15.2;
				MARKETING_VERSION = 1.0;
				PRODUCT_BUNDLE_IDENTIFIER = com.bryankohrn.AstroSummaryTests;
				PRODUCT_NAME = "$(TARGET_NAME)";
				SWIFT_EMIT_LOC_STRINGS = NO;
				SWIFT_VERSION = 5.0;
				TEST_HOST = "$(BUILT_PRODUCTS_DIR)/AstroSummary.app/$(BUNDLE_EXECUTABLE_FOLDER_PATH)/AstroSummary";
			};
			name = Release;
		};
		F9A4E5DF2D79DB8500AAE34B /* Debug */ = {
			isa = XCBuildConfiguration;
			buildSettings = {
				CODE_SIGN_STYLE = Automatic;
				CURRENT_PROJECT_VERSION = 1;
				DEVELOPMENT_TEAM = K6D967URM5;
				GENERATE_INFOPLIST_FILE = YES;
				MARKETING_VERSION = 1.0;
				PRODUCT_BUNDLE_IDENTIFIER = com.bryankohrn.AstroSummaryUITests;
				PRODUCT_NAME = "$(TARGET_NAME)";
				SWIFT_EMIT_LOC_STRINGS = NO;
				SWIFT_VERSION = 5.0;
				TEST_TARGET_NAME = AstroSummary;
			};
			name = Debug;
		};
		F9A4E5E02D79DB8500AAE34B /* Release */ = {
			isa = XCBuildConfiguration;
			buildSettings = {
				CODE_SIGN_STYLE = Automatic;
				CURRENT_PROJECT_VERSION = 1;
				DEVELOPMENT_TEAM = K6D967URM5;
				GENERATE_INFOPLIST_FILE = YES;
				MARKETING_VERSION = 1.0;
				PRODUCT_BUNDLE_IDENTIFIER = com.bryankohrn.AstroSummaryUITests;
				PRODUCT_NAME = "$(TARGET_NAME)";
				SWIFT_EMIT_LOC_STRINGS = NO;
				SWIFT_VERSION = 5.0;
				TEST_TARGET_NAME = AstroSummary;
			};
			name = Release;
		};
/* End XCBuildConfiguration section */

/* Begin XCConfigurationList section */
		F9A4E5AE2D79DB8300AAE34B /* Build configuration list for PBXProject "AstroSummary" */ = {
			isa = XCConfigurationList;
			buildConfigurations = (
				F9A4E5D62D79DB8500AAE34B /* Debug */,
				F9A4E5D72D79DB8500AAE34B /* Release */,
			);
			defaultConfigurationIsVisible = 0;
			defaultConfigurationName = Release;
		};
		F9A4E5D82D79DB8500AAE34B /* Build configuration list for PBXNativeTarget "AstroSummary" */ = {
			isa = XCConfigurationList;
			buildConfigurations = (
				F9A4E5D92D79DB8500AAE34B /* Debug */,
				F9A4E5DA2D79DB8500AAE34B /* Release */,
			);
			defaultConfigurationIsVisible = 0;
			defaultConfigurationName = Release;
		};
		F9A4E5DB2D79DB8500AAE34B /* Build configuration list for PBXNativeTarget "AstroSummaryTests" */ = {
			isa = XCConfigurationList;
			buildConfigurations = (
				F9A4E5DC2D79DB8500AAE34B /* Debug */,
				F9A4E5DD2D79DB8500AAE34B /* Release */,
			);
			defaultConfigurationIsVisible = 0;
			defaultConfigurationName = Release;
		};
		F9A4E5DE2D79DB8500AAE34B /* Build configuration list for PBXNativeTarget "AstroSummaryUITests" */ = {
			isa = XCConfigurationList;
			buildConfigurations = (
				F9A4E5DF2D79DB8500AAE34B /* Debug */,
				F9A4E5E02D79DB8500AAE34B /* Release */,
			);
			defaultConfigurationIsVisible = 0;
			defaultConfigurationName = Release;
		};
/* End XCConfigurationList section */

/* Begin XCSwiftPackageProductDependency section */
		F9F9BF572D7CE8DB006A4A03 /* SummaryFeature */ = {
			isa = XCSwiftPackageProductDependency;
			productName = SummaryFeature;
		};
/* End XCSwiftPackageProductDependency section */
	};
	rootObject = F9A4E5AB2D79DB8300AAE34B /* Project object */;
}
